
Microsoft Visual Studio Solution File, Format Version 12.00
# Visual Studio 15
VisualStudioVersion = 15.0.27130.2036
MinimumVisualStudioVersion = 10.0.40219.1
Project("{FAE04EC0-301F-11D3-BF4B-00C04F79EFBC}") = "Utilities", "Utilities\Utilities.csproj", "{BA03D71A-59F2-47DC-AEE8-98BEEE15E916}"
EndProject
Project("{FAE04EC0-301F-11D3-BF4B-00C04F79EFBC}") = "OTP", "OTP\OTP.csproj", "{9A027799-AAB1-45F7-9559-F2FC3651D873}"
EndProject
Project("{2150E333-8FDC-42A3-9474-1A3956D46DE8}") = "MiniGames", "MiniGames", "{912BCFAB-2F12-49F5-8122-C04B2F926E82}"
EndProject
Project("{FAE04EC0-301F-11D3-BF4B-00C04F79EFBC}") = "PTCN.CrossPlatform.Minigame.LuckyDice", "PTCN.CrossPlatform.Minigame.LuckyDice\PTCN.CrossPlatform.Minigame.LuckyDice.csproj", "{EA4D053B-838B-46D9-836A-9B54BDA8AD5E}"
EndProject
Project("{2150E333-8FDC-42A3-9474-1A3956D46DE8}") = "SlotMachine", "SlotMachine", "{5CF0CDFD-D0EF-4A35-8A0F-7AAB4C6285BD}"
EndProject
Project("{FAE04EC0-301F-11D3-BF4B-00C04F79EFBC}") = "SlotGame.25Lines", "SlotGame.25Lines\SlotGame.25Lines.csproj", "{D82849E4-CFAF-4107-98D8-B44DCE795FD9}"
EndProject
Project("{FAE04EC0-301F-11D3-BF4B-00C04F79EFBC}") = "SlotGame.20Lines.Game1", "SlotGame.20Lines.Game1\SlotGame.20Lines.Game1.csproj", "{91774F93-54D7-493B-B3E3-FB12DCBD9AFF}"
EndProject
Project("{FAE04EC0-301F-11D3-BF4B-00C04F79EFBC}") = "SlotGame.20lines.Game2", "SlotGame.20lines.Game2\SlotGame.20lines.Game2.csproj", "{B01CDB54-58A5-4A2A-B50C-466ECD97A7B9}"
EndProject
Project("{FAE04EC0-301F-11D3-BF4B-00C04F79EFBC}") = "SlotMachine.Mini.TheSpinOfGod", "SlotMachine.Mini.TheSpinOfGod\SlotMachine.Mini.TheSpinOfGod.csproj", "{D766761A-5AE9-42F7-B6F8-A09E55F7B9F1}"
EndProject
Project("{FAE04EC0-301F-11D3-BF4B-00C04F79EFBC}") = "Minigame.MiniPokerServer", "Minigame.MiniPokerServer\Minigame.MiniPokerServer.csproj", "{91F0A14E-5F38-40CE-9E0A-88420871E5D6}"
EndProject
Project("{FAE04EC0-301F-11D3-BF4B-00C04F79EFBC}") = "MiniGame.HiloServer", "MiniGame.HiloServer\MiniGame.HiloServer.csproj", "{79094AE3-5DA9-4404-A106-7EEF90DB4170}"
EndProject
Project("{FAE04EC0-301F-11D3-BF4B-00C04F79EFBC}") = "MiniGame.SuperNovaServer", "MiniGame.SuperNovaServer\MiniGame.SuperNovaServer.csproj", "{D722029B-C2B2-44FE-8ED0-0602670BBE43}"
EndProject
Project("{2150E333-8FDC-42A3-9474-1A3956D46DE8}") = "Chat", "Chat", "{54D1CB78-98C0-458D-BDDA-4562AE30519B}"
EndProject
Project("{FAE04EC0-301F-11D3-BF4B-00C04F79EFBC}") = "ChatServer", "ChatServer\ChatServer.csproj", "{176920F5-4732-4D36-9DDA-EC1A9C1F8433}"
EndProject
Project("{2150E333-8FDC-42A3-9474-1A3956D46DE8}") = "Events", "Events", "{C0E6AA25-8F3C-43A7-97B2-363BDECD1274}"
EndProject
Project("{FAE04EC0-301F-11D3-BF4B-00C04F79EFBC}") = "Game.Events", "Game.Events\Game.Events.csproj", "{3E796C82-925C-4745-8525-6D0CC4377DE2}"
EndProject
Project("{FAE04EC0-301F-11D3-BF4B-00C04F79EFBC}") = "Minigame.HooHeyHowServer", "Minigame.HooHeyHowServer\Minigame.HooHeyHowServer.csproj", "{D0A55A48-FDDF-4641-8235-4F8D44D2031B}"
EndProject
Project("{2150E333-8FDC-42A3-9474-1A3956D46DE8}") = "Betting.Cardgame", "Betting.Cardgame", "{681D4C6E-0C94-432B-AB56-89B13AF3FF79}"
EndProject
Project("{FAE04EC0-301F-11D3-BF4B-00C04F79EFBC}") = "Cardgame.DiskShaking", "Cardgame.DiskShaking\Cardgame.DiskShaking.csproj", "{660F3D80-5E93-4219-BF4F-F1C07EF71E59}"
EndProject
Project("{2150E333-8FDC-42A3-9474-1A3956D46DE8}") = "LuckySpins", "LuckySpins", "{8755B843-8FDF-4501-8603-4A20453F671F}"
EndProject
Project("{FAE04EC0-301F-11D3-BF4B-00C04F79EFBC}") = "LuckySpinSanh", "LuckySpinSanh\LuckySpinSanh.csproj", "{BBD6F29F-C2E8-4557-82B1-118DE81A6BEE}"
EndProject
Project("{FAE04EC0-301F-11D3-BF4B-00C04F79EFBC}") = "GamePortal.API", "GamePortal.API\GamePortal.API.csproj", "{AC23306A-65BF-42C8-80BF-309FA706303D}"
EndProject
Global
	GlobalSection(SolutionConfigurationPlatforms) = preSolution
		Debug|Any CPU = Debug|Any CPU
		Release|Any CPU = Release|Any CPU
	EndGlobalSection
	GlobalSection(ProjectConfigurationPlatforms) = postSolution
		{BA03D71A-59F2-47DC-AEE8-98BEEE15E916}.Debug|Any CPU.ActiveCfg = Debug|Any CPU
		{BA03D71A-59F2-47DC-AEE8-98BEEE15E916}.Debug|Any CPU.Build.0 = Debug|Any CPU
		{BA03D71A-59F2-47DC-AEE8-98BEEE15E916}.Release|Any CPU.ActiveCfg = Release|Any CPU
		{BA03D71A-59F2-47DC-AEE8-98BEEE15E916}.Release|Any CPU.Build.0 = Release|Any CPU
		{9A027799-AAB1-45F7-9559-F2FC3651D873}.Debug|Any CPU.ActiveCfg = Debug|Any CPU
		{9A027799-AAB1-45F7-9559-F2FC3651D873}.Debug|Any CPU.Build.0 = Debug|Any CPU
		{9A027799-AAB1-45F7-9559-F2FC3651D873}.Release|Any CPU.ActiveCfg = Release|Any CPU
		{9A027799-AAB1-45F7-9559-F2FC3651D873}.Release|Any CPU.Build.0 = Release|Any CPU
		{EA4D053B-838B-46D9-836A-9B54BDA8AD5E}.Debug|Any CPU.ActiveCfg = Debug|Any CPU
		{EA4D053B-838B-46D9-836A-9B54BDA8AD5E}.Debug|Any CPU.Build.0 = Debug|Any CPU
		{EA4D053B-838B-46D9-836A-9B54BDA8AD5E}.Release|Any CPU.ActiveCfg = Release|Any CPU
		{EA4D053B-838B-46D9-836A-9B54BDA8AD5E}.Release|Any CPU.Build.0 = Release|Any CPU
		{D82849E4-CFAF-4107-98D8-B44DCE795FD9}.Debug|Any CPU.ActiveCfg = Debug|Any CPU
		{D82849E4-CFAF-4107-98D8-B44DCE795FD9}.Debug|Any CPU.Build.0 = Debug|Any CPU
		{D82849E4-CFAF-4107-98D8-B44DCE795FD9}.Release|Any CPU.ActiveCfg = Release|Any CPU
		{D82849E4-CFAF-4107-98D8-B44DCE795FD9}.Release|Any CPU.Build.0 = Release|Any CPU
		{91774F93-54D7-493B-B3E3-FB12DCBD9AFF}.Debug|Any CPU.ActiveCfg = Debug|Any CPU
		{91774F93-54D7-493B-B3E3-FB12DCBD9AFF}.Debug|Any CPU.Build.0 = Debug|Any CPU
		{91774F93-54D7-493B-B3E3-FB12DCBD9AFF}.Release|Any CPU.ActiveCfg = Release|Any CPU
		{91774F93-54D7-493B-B3E3-FB12DCBD9AFF}.Release|Any CPU.Build.0 = Release|Any CPU
		{B01CDB54-58A5-4A2A-B50C-466ECD97A7B9}.Debug|Any CPU.ActiveCfg = Debug|Any CPU
		{B01CDB54-58A5-4A2A-B50C-466ECD97A7B9}.Debug|Any CPU.Build.0 = Debug|Any CPU
		{B01CDB54-58A5-4A2A-B50C-466ECD97A7B9}.Release|Any CPU.ActiveCfg = Release|Any CPU
		{B01CDB54-58A5-4A2A-B50C-466ECD97A7B9}.Release|Any CPU.Build.0 = Release|Any CPU
		{D766761A-5AE9-42F7-B6F8-A09E55F7B9F1}.Debug|Any CPU.ActiveCfg = Debug|Any CPU
		{D766761A-5AE9-42F7-B6F8-A09E55F7B9F1}.Debug|Any CPU.Build.0 = Debug|Any CPU
		{D766761A-5AE9-42F7-B6F8-A09E55F7B9F1}.Release|Any CPU.ActiveCfg = Release|Any CPU
		{D766761A-5AE9-42F7-B6F8-A09E55F7B9F1}.Release|Any CPU.Build.0 = Release|Any CPU
		{91F0A14E-5F38-40CE-9E0A-88420871E5D6}.Debug|Any CPU.ActiveCfg = Debug|Any CPU
		{91F0A14E-5F38-40CE-9E0A-88420871E5D6}.Debug|Any CPU.Build.0 = Debug|Any CPU
		{91F0A14E-5F38-40CE-9E0A-88420871E5D6}.Release|Any CPU.ActiveCfg = Release|Any CPU
		{91F0A14E-5F38-40CE-9E0A-88420871E5D6}.Release|Any CPU.Build.0 = Release|Any CPU
		{79094AE3-5DA9-4404-A106-7EEF90DB4170}.Debug|Any CPU.ActiveCfg = Debug|Any CPU
		{79094AE3-5DA9-4404-A106-7EEF90DB4170}.Debug|Any CPU.Build.0 = Debug|Any CPU
		{79094AE3-5DA9-4404-A106-7EEF90DB4170}.Release|Any CPU.ActiveCfg = Release|Any CPU
		{79094AE3-5DA9-4404-A106-7EEF90DB4170}.Release|Any CPU.Build.0 = Release|Any CPU
		{D722029B-C2B2-44FE-8ED0-0602670BBE43}.Debug|Any CPU.ActiveCfg = Debug|Any CPU
		{D722029B-C2B2-44FE-8ED0-0602670BBE43}.Debug|Any CPU.Build.0 = Debug|Any CPU
		{D722029B-C2B2-44FE-8ED0-0602670BBE43}.Release|Any CPU.ActiveCfg = Release|Any CPU
		{D722029B-C2B2-44FE-8ED0-0602670BBE43}.Release|Any CPU.Build.0 = Release|Any CPU
		{176920F5-4732-4D36-9DDA-EC1A9C1F8433}.Debug|Any CPU.ActiveCfg = Debug|Any CPU
		{176920F5-4732-4D36-9DDA-EC1A9C1F8433}.Debug|Any CPU.Build.0 = Debug|Any CPU
		{176920F5-4732-4D36-9DDA-EC1A9C1F8433}.Release|Any CPU.ActiveCfg = Release|Any CPU
		{176920F5-4732-4D36-9DDA-EC1A9C1F8433}.Release|Any CPU.Build.0 = Release|Any CPU
		{3E796C82-925C-4745-8525-6D0CC4377DE2}.Debug|Any CPU.ActiveCfg = Debug|Any CPU
		{3E796C82-925C-4745-8525-6D0CC4377DE2}.Debug|Any CPU.Build.0 = Debug|Any CPU
		{3E796C82-925C-4745-8525-6D0CC4377DE2}.Release|Any CPU.ActiveCfg = Release|Any CPU
		{3E796C82-925C-4745-8525-6D0CC4377DE2}.Release|Any CPU.Build.0 = Release|Any CPU
		{D0A55A48-FDDF-4641-8235-4F8D44D2031B}.Debug|Any CPU.ActiveCfg = Debug|Any CPU
		{D0A55A48-FDDF-4641-8235-4F8D44D2031B}.Debug|Any CPU.Build.0 = Debug|Any CPU
		{D0A55A48-FDDF-4641-8235-4F8D44D2031B}.Release|Any CPU.ActiveCfg = Release|Any CPU
		{D0A55A48-FDDF-4641-8235-4F8D44D2031B}.Release|Any CPU.Build.0 = Release|Any CPU
		{660F3D80-5E93-4219-BF4F-F1C07EF71E59}.Debug|Any CPU.ActiveCfg = Debug|Any CPU
		{660F3D80-5E93-4219-BF4F-F1C07EF71E59}.Debug|Any CPU.Build.0 = Debug|Any CPU
		{660F3D80-5E93-4219-BF4F-F1C07EF71E59}.Release|Any CPU.ActiveCfg = Release|Any CPU
		{660F3D80-5E93-4219-BF4F-F1C07EF71E59}.Release|Any CPU.Build.0 = Release|Any CPU
		{BBD6F29F-C2E8-4557-82B1-118DE81A6BEE}.Debug|Any CPU.ActiveCfg = Debug|Any CPU
		{BBD6F29F-C2E8-4557-82B1-118DE81A6BEE}.Debug|Any CPU.Build.0 = Debug|Any CPU
		{BBD6F29F-C2E8-4557-82B1-118DE81A6BEE}.Release|Any CPU.ActiveCfg = Release|Any CPU
		{BBD6F29F-C2E8-4557-82B1-118DE81A6BEE}.Release|Any CPU.Build.0 = Release|Any CPU
		{AC23306A-65BF-42C8-80BF-309FA706303D}.Debug|Any CPU.ActiveCfg = Debug|Any CPU
		{AC23306A-65BF-42C8-80BF-309FA706303D}.Debug|Any CPU.Build.0 = Debug|Any CPU
		{AC23306A-65BF-42C8-80BF-309FA706303D}.Release|Any CPU.ActiveCfg = Release|Any CPU
		{AC23306A-65BF-42C8-80BF-309FA706303D}.Release|Any CPU.Build.0 = Release|Any CPU
	EndGlobalSection
	GlobalSection(SolutionProperties) = preSolution
		HideSolutionNode = FALSE
	EndGlobalSection
	GlobalSection(NestedProjects) = preSolution
		{EA4D053B-838B-46D9-836A-9B54BDA8AD5E} = {912BCFAB-2F12-49F5-8122-C04B2F926E82}
		{D82849E4-CFAF-4107-98D8-B44DCE795FD9} = {5CF0CDFD-D0EF-4A35-8A0F-7AAB4C6285BD}
		{91774F93-54D7-493B-B3E3-FB12DCBD9AFF} = {5CF0CDFD-D0EF-4A35-8A0F-7AAB4C6285BD}
		{B01CDB54-58A5-4A2A-B50C-466ECD97A7B9} = {5CF0CDFD-D0EF-4A35-8A0F-7AAB4C6285BD}
		{D766761A-5AE9-42F7-B6F8-A09E55F7B9F1} = {912BCFAB-2F12-49F5-8122-C04B2F926E82}
		{91F0A14E-5F38-40CE-9E0A-88420871E5D6} = {912BCFAB-2F12-49F5-8122-C04B2F926E82}
		{79094AE3-5DA9-4404-A106-7EEF90DB4170} = {912BCFAB-2F12-49F5-8122-C04B2F926E82}
		{D722029B-C2B2-44FE-8ED0-0602670BBE43} = {912BCFAB-2F12-49F5-8122-C04B2F926E82}
		{176920F5-4732-4D36-9DDA-EC1A9C1F8433} = {C0E6AA25-8F3C-43A7-97B2-363BDECD1274}
		{3E796C82-925C-4745-8525-6D0CC4377DE2} = {C0E6AA25-8F3C-43A7-97B2-363BDECD1274}
		{D0A55A48-FDDF-4641-8235-4F8D44D2031B} = {912BCFAB-2F12-49F5-8122-C04B2F926E82}
		{660F3D80-5E93-4219-BF4F-F1C07EF71E59} = {681D4C6E-0C94-432B-AB56-89B13AF3FF79}
		{BBD6F29F-C2E8-4557-82B1-118DE81A6BEE} = {8755B843-8FDF-4501-8603-4A20453F671F}
	EndGlobalSection
	GlobalSection(ExtensibilityGlobals) = postSolution
		SolutionGuid = {A59AD41A-22E0-4683-A3BF-F19266A7128F}
	EndGlobalSection
EndGlobal
